// !$*UTF8*$!
{
	archiveVersion = 1;
	classes = {
	};
	objectVersion = 46;
	objects = {

/* Begin PBXBuildFile section */
		63A9DC9D1E52B8840022EFDD /* AppDelegate.swift in Sources */ = {isa = PBXBuildFile; fileRef = 63A9DC9C1E52B8840022EFDD /* AppDelegate.swift */; };
		63A9DC9F1E52B8840022EFDD /* ViewController.swift in Sources */ = {isa = PBXBuildFile; fileRef = 63A9DC9E1E52B8840022EFDD /* ViewController.swift */; };
		63A9DCA21E52B8840022EFDD /* Main.storyboard in Resources */ = {isa = PBXBuildFile; fileRef = 63A9DCA01E52B8840022EFDD /* Main.storyboard */; };
		63A9DCA41E52B8840022EFDD /* Assets.xcassets in Resources */ = {isa = PBXBuildFile; fileRef = 63A9DCA31E52B8840022EFDD /* Assets.xcassets */; };
		63A9DCA71E52B8840022EFDD /* LaunchScreen.storyboard in Resources */ = {isa = PBXBuildFile; fileRef = 63A9DCA51E52B8840022EFDD /* LaunchScreen.storyboard */; };
		63A9DCB21E52B8850022EFDD /* bodyCalcTests.swift in Sources */ = {isa = PBXBuildFile; fileRef = 63A9DCB11E52B8850022EFDD /* bodyCalcTests.swift */; };
/* End PBXBuildFile section */

/* Begin PBXContainerItemProxy section */
		63A9DCAE1E52B8850022EFDD /* PBXContainerItemProxy */ = {
			isa = PBXContainerItemProxy;
			containerPortal = 63A9DC911E52B8840022EFDD /* Project object */;
			proxyType = 1;
			remoteGlobalIDString = 63A9DC981E52B8840022EFDD;
			remoteInfo = bodyCalc;
		};
/* End PBXContainerItemProxy section */

/* Begin PBXFileReference section */
		63A9DC991E52B8840022EFDD /* bodyCalc.app */ = {isa = PBXFileReference; explicitFileType = wrapper.application; includeInIndex = 0; path = bodyCalc.app; sourceTree = BUILT_PRODUCTS_DIR; };
		63A9DC9C1E52B8840022EFDD /* AppDelegate.swift */ = {isa = PBXFileReference; lastKnownFileType = sourcecode.swift; path = AppDelegate.swift; sourceTree = "<group>"; };
		63A9DC9E1E52B8840022EFDD /* ViewController.swift */ = {isa = PBXFileReference; lastKnownFileType = sourcecode.swift; path = ViewController.swift; sourceTree = "<group>"; };
		63A9DCA11E52B8840022EFDD /* Base */ = {isa = PBXFileReference; lastKnownFileType = file.storyboard; name = Base; path = Base.lproj/Main.storyboard; sourceTree = "<group>"; };
		63A9DCA31E52B8840022EFDD /* Assets.xcassets */ = {isa = PBXFileReference; lastKnownFileType = folder.assetcatalog; path = Assets.xcassets; sourceTree = "<group>"; };
		63A9DCA61E52B8840022EFDD /* Base */ = {isa = PBXFileReference; lastKnownFileType = file.storyboard; name = Base; path = Base.lproj/LaunchScreen.storyboard; sourceTree = "<group>"; };
		63A9DCA81E52B8840022EFDD /* Info.plist */ = {isa = PBXFileReference; lastKnownFileType = text.plist.xml; path = Info.plist; sourceTree = "<group>"; };
		63A9DCAD1E52B8850022EFDD /* bodyCalcTests.xctest */ = {isa = PBXFileReference; explicitFileType = wrapper.cfbundle; includeInIndex = 0; path = bodyCalcTests.xctest; sourceTree = BUILT_PRODUCTS_DIR; };
		63A9DCB11E52B8850022EFDD /* bodyCalcTests.swift */ = {isa = PBXFileReference; lastKnownFileType = sourcecode.swift; path = bodyCalcTests.swift; sourceTree = "<group>"; };
		63A9DCB31E52B8850022EFDD /* Info.plist */ = {isa = PBXFileReference; lastKnownFileType = text.plist.xml; path = Info.plist; sourceTree = "<group>"; };
/* End PBXFileReference section */

/* Begin PBXFrameworksBuildPhase section */
		63A9DC961E52B8840022EFDD /* Frameworks */ = {
			isa = PBXFrameworksBuildPhase;
			buildActionMask = 2147483647;
			files = (
			);
			runOnlyForDeploymentPostprocessing = 0;
		};
		63A9DCAA1E52B8850022EFDD /* Frameworks */ = {
			isa = PBXFrameworksBuildPhase;
			buildActionMask = 2147483647;
			files = (
			);
			runOnlyForDeploymentPostprocessing = 0;
		};
/* End PBXFrameworksBuildPhase section */

/* Begin PBXGroup section */
		63A9DC901E52B8840022EFDD = {
			isa = PBXGroup;
			children = (
				63A9DC9B1E52B8840022EFDD /* bodyCalc */,
				63A9DCB01E52B8850022EFDD /* bodyCalcTests */,
				63A9DC9A1E52B8840022EFDD /* Products */,
			);
			sourceTree = "<group>";
		};
		63A9DC9A1E52B8840022EFDD /* Products */ = {
			isa = PBXGroup;
			children = (
				63A9DC991E52B8840022EFDD /* bodyCalc.app */,
				63A9DCAD1E52B8850022EFDD /* bodyCalcTests.xctest */,
			);
			name = Products;
			sourceTree = "<group>";
		};
		63A9DC9B1E52B8840022EFDD /* bodyCalc */ = {
			isa = PBXGroup;
			children = (
				63A9DC9C1E52B8840022EFDD /* AppDelegate.swift */,
				63A9DC9E1E52B8840022EFDD /* ViewController.swift */,
				63A9DCA01E52B8840022EFDD /* Main.storyboard */,
				63A9DCA31E52B8840022EFDD /* Assets.xcassets */,
				63A9DCA51E52B8840022EFDD /* LaunchScreen.storyboard */,
				63A9DCA81E52B8840022EFDD /* Info.plist */,
			);
			path = bodyCalc;
			sourceTree = "<group>";
		};
		63A9DCB01E52B8850022EFDD /* bodyCalcTests */ = {
			isa = PBXGroup;
			children = (
				63A9DCB11E52B8850022EFDD /* bodyCalcTests.swift */,
				63A9DCB31E52B8850022EFDD /* Info.plist */,
			);
			path = bodyCalcTests;
			sourceTree = "<group>";
		};
/* End PBXGroup section */

/* Begin PBXNativeTarget section */
		63A9DC981E52B8840022EFDD /* bodyCalc */ = {
			isa = PBXNativeTarget;
			buildConfigurationList = 63A9DCB61E52B8850022EFDD /* Build configuration list for PBXNativeTarget "bodyCalc" */;
			buildPhases = (
				63A9DC951E52B8840022EFDD /* Sources */,
				63A9DC961E52B8840022EFDD /* Frameworks */,
				63A9DC971E52B8840022EFDD /* Resources */,
			);
			buildRules = (
			);
			dependencies = (
			);
			name = bodyCalc;
			productName = bodyCalc;
			productReference = 63A9DC991E52B8840022EFDD /* bodyCalc.app */;
			productType = "com.apple.product-type.application";
		};
		63A9DCAC1E52B8850022EFDD /* bodyCalcTests */ = {
			isa = PBXNativeTarget;
			buildConfigurationList = 63A9DCB91E52B8850022EFDD /* Build configuration list for PBXNativeTarget "bodyCalcTests" */;
			buildPhases = (
				63A9DCA91E52B8850022EFDD /* Sources */,
				63A9DCAA1E52B8850022EFDD /* Frameworks */,
				63A9DCAB1E52B8850022EFDD /* Resources */,
			);
			buildRules = (
			);
			dependencies = (
				63A9DCAF1E52B8850022EFDD /* PBXTargetDependency */,
			);
			name = bodyCalcTests;
			productName = bodyCalcTests;
			productReference = 63A9DCAD1E52B8850022EFDD /* bodyCalcTests.xctest */;
			productType = "com.apple.product-type.bundle.unit-test";
		};
/* End PBXNativeTarget section */

/* Begin PBXProject section */
		63A9DC911E52B8840022EFDD /* Project object */ = {
			isa = PBXProject;
			attributes = {
				LastSwiftUpdateCheck = 0820;
				LastUpgradeCheck = 0820;
				ORGANIZATIONNAME = CampusUser;
				TargetAttributes = {
					63A9DC981E52B8840022EFDD = {
						CreatedOnToolsVersion = 8.2.1;
						ProvisioningStyle = Automatic;
					};
					63A9DCAC1E52B8850022EFDD = {
						CreatedOnToolsVersion = 8.2.1;
						ProvisioningStyle = Automatic;
						TestTargetID = 63A9DC981E52B8840022EFDD;
					};
				};
			};
			buildConfigurationList = 63A9DC941E52B8840022EFDD /* Build configuration list for PBXProject "bodyCalc" */;
			compatibilityVersion = "Xcode 3.2";
			developmentRegion = English;
			hasScannedForEncodings = 0;
			knownRegions = (
				en,
				Base,
			);
			mainGroup = 63A9DC901E52B8840022EFDD;
			productRefGroup = 63A9DC9A1E52B8840022EFDD /* Products */;
			projectDirPath = "";
			projectRoot = "";
			targets = (
				63A9DC981E52B8840022EFDD /* bodyCalc */,
				63A9DCAC1E52B8850022EFDD /* bodyCalcTests */,
			);
		};
/* End PBXProject section */

/* Begin PBXResourcesBuildPhase section */
		63A9DC971E52B8840022EFDD /* Resources */ = {
			isa = PBXResourcesBuildPhase;
			buildActionMask = 2147483647;
			files = (
				63A9DCA71E52B8840022EFDD /* LaunchScreen.storyboard in Resources */,
				63A9DCA41E52B8840022EFDD /* Assets.xcassets in Resources */,
				63A9DCA21E52B8840022EFDD /* Main.storyboard in Resources */,
			);
			runOnlyForDeploymentPostprocessing = 0;
		};
		63A9DCAB1E52B8850022EFDD /* Resources */ = {
			isa = PBXResourcesBuildPhase;
			buildActionMask = 2147483647;
			files = (
			);
			runOnlyForDeploymentPostprocessing = 0;
		};
/* End PBXResourcesBuildPhase section */

/* Begin PBXSourcesBuildPhase section */
		63A9DC951E52B8840022EFDD /* Sources */ = {
			isa = PBXSourcesBuildPhase;
			buildActionMask = 2147483647;
			files = (
				63A9DC9F1E52B8840022EFDD /* ViewController.swift in Sources */,
				63A9DC9D1E52B8840022EFDD /* AppDelegate.swift in Sources */,
			);
			runOnlyForDeploymentPostprocessing = 0;
		};
		63A9DCA91E52B8850022EFDD /* Sources */ = {
			isa = PBXSourcesBuildPhase;
			buildActionMask = 2147483647;
			files = (
				63A9DCB21E52B8850022EFDD /* bodyCalcTests.swift in Sources */,
			);
			runOnlyForDeploymentPostprocessing = 0;
		};
/* End PBXSourcesBuildPhase section */

/* Begin PBXTargetDependency section */
		63A9DCAF1E52B8850022EFDD /* PBXTargetDependency */ = {
			isa = PBXTargetDependency;
			target = 63A9DC981E52B8840022EFDD /* bodyCalc */;
			targetProxy = 63A9DCAE1E52B8850022EFDD /* PBXContainerItemProxy */;
		};
/* End PBXTargetDependency section */

/* Begin PBXVariantGroup section */
		63A9DCA01E52B8840022EFDD /* Main.storyboard */ = {
			isa = PBXVariantGroup;
			children = (
				63A9DCA11E52B8840022EFDD /* Base */,
			);
			name = Main.storyboard;
			sourceTree = "<group>";
		};
		63A9DCA51E52B8840022EFDD /* LaunchScreen.storyboard */ = {
			isa = PBXVariantGroup;
			children = (
				63A9DCA61E52B8840022EFDD /* Base */,
			);
			name = LaunchScreen.storyboard;
			sourceTree = "<group>";
		};
/* End PBXVariantGroup section */

/* Begin XCBuildConfiguration section */
		63A9DCB41E52B8850022EFDD /* Debug */ = {
			isa = XCBuildConfiguration;
			buildSettings = {
				ALWAYS_SEARCH_USER_PATHS = NO;
				CLANG_ANALYZER_NONNULL = YES;
				CLANG_CXX_LANGUAGE_STANDARD = "gnu++0x";
				CLANG_CXX_LIBRARY = "libc++";
				CLANG_ENABLE_MODULES = YES;
				CLANG_ENABLE_OBJC_ARC = YES;
				CLANG_WARN_BOOL_CONVERSION = YES;
				CLANG_WARN_CONSTANT_CONVERSION = YES;
				CLANG_WARN_DIRECT_OBJC_ISA_USAGE = YES_ERROR;
				CLANG_WARN_DOCUMENTATION_COMMENTS = YES;
				CLANG_WARN_EMPTY_BODY = YES;
				CLANG_WARN_ENUM_CONVERSION = YES;
				CLANG_WARN_INFINITE_RECURSION = YES;
				CLANG_WARN_INT_CONVERSION = YES;
				CLANG_WARN_OBJC_ROOT_CLASS = YES_ERROR;
				CLANG_WARN_SUSPICIOUS_MOVE = YES;
				CLANG_WARN_UNREACHABLE_CODE = YES;
				CLANG_WARN__DUPLICATE_METHOD_MATCH = YES;
				"CODE_SIGN_IDENTITY[sdk=iphoneos*]" = "iPhone Developer";
				COPY_PHASE_STRIP = NO;
				DEBUG_INFORMATION_FORMAT = dwarf;
				ENABLE_STRICT_OBJC_MSGSEND = YES;
				ENABLE_TESTABILITY = YES;
				GCC_C_LANGUAGE_STANDARD = gnu99;
				GCC_DYNAMIC_NO_PIC = NO;
				GCC_NO_COMMON_BLOCKS = YES;
				GCC_OPTIMIZATION_LEVEL = 0;
				GCC_PREPROCESSOR_DEFINITIONS = (
					"DEBUG=1",
					"$(inherited)",
				);
				GCC_WARN_64_TO_32_BIT_CONVERSION = YES;
				GCC_WARN_ABOUT_RETURN_TYPE = YES_ERROR;
				GCC_WARN_UNDECLARED_SELECTOR = YES;
				GCC_WARN_UNINITIALIZED_AUTOS = YES_AGGRESSIVE;
				GCC_WARN_UNUSED_FUNCTION = YES;
				GCC_WARN_UNUSED_VARIABLE = YES;
				IPHONEOS_DEPLOYMENT_TARGET = 10.2;
				MTL_ENABLE_DEBUG_INFO = YES;
				ONLY_ACTIVE_ARCH = YES;
				SDKROOT = iphoneos;
				SWIFT_ACTIVE_COMPILATION_CONDITIONS = DEBUG;
				SWIFT_OPTIMIZATION_LEVEL = "-Onone";
				TARGETED_DEVICE_FAMILY = "1,2";
			};
			name = Debug;
		};
		63A9DCB51E52B8850022EFDD /* Release */ = {
			isa = XCBuildConfiguration;
			buildSettings = {
				ALWAYS_SEARCH_USER_PATHS = NO;
				CLANG_ANALYZER_NONNULL = YES;
				CLANG_CXX_LANGUAGE_STANDARD = "gnu++0x";
				CLANG_CXX_LIBRARY = "libc++";
				CLANG_ENABLE_MODULES = YES;
				CLANG_ENABLE_OBJC_ARC = YES;
				CLANG_WARN_BOOL_CONVERSION = YES;
				CLANG_WARN_CONSTANT_CONVERSION = YES;
				CLANG_WARN_DIRECT_OBJC_ISA_USAGE = YES_ERROR;
				CLANG_WARN_DOCUMENTATION_COMMENTS = YES;
				CLANG_WARN_EMPTY_BODY = YES;
				CLANG_WARN_ENUM_CONVERSION = YES;
				CLANG_WARN_INFINITE_RECURSION = YES;
				CLANG_WARN_INT_CONVERSION = YES;
				CLANG_WARN_OBJC_ROOT_CLASS = YES_ERROR;
				CLANG_WARN_SUSPICIOUS_MOVE = YES;
				CLANG_WARN_UNREACHABLE_CODE = YES;
				CLANG_WARN__DUPLICATE_METHOD_MATCH = YES;
				"CODE_SIGN_IDENTITY[sdk=iphoneos*]" = "iPhone Developer";
				COPY_PHASE_STRIP = NO;
				DEBUG_INFORMATION_FORMAT = "dwarf-with-dsym";
				ENABLE_NS_ASSERTIONS = NO;
				ENABLE_STRICT_OBJC_MSGSEND = YES;
				GCC_C_LANGUAGE_STANDARD = gnu99;
				GCC_NO_COMMON_BLOCKS = YES;
				GCC_WARN_64_TO_32_BIT_CONVERSION = YES;
				GCC_WARN_ABOUT_RETURN_TYPE = YES_ERROR;
				GCC_WARN_UNDECLARED_SELECTOR = YES;
				GCC_WARN_UNINITIALIZED_AUTOS = YES_AGGRESSIVE;
				GCC_WARN_UNUSED_FUNCTION = YES;
				GCC_WARN_UNUSED_VARIABLE = YES;
				IPHONEOS_DEPLOYMENT_TARGET = 10.2;
				MTL_ENABLE_DEBUG_INFO = NO;
				SDKROOT = iphoneos;
				SWIFT_OPTIMIZATION_LEVEL = "-Owholemodule";
				TARGETED_DEVICE_FAMILY = "1,2";
				VALIDATE_PRODUCT = YES;
			};
			name = Release;
		};
		63A9DCB71E52B8850022EFDD /* Debug */ = {
			isa = XCBuildConfiguration;
			buildSettings = {
				ASSETCATALOG_COMPILER_APPICON_NAME = AppIcon;
				INFOPLIST_FILE = bodyCalc/Info.plist;
				LD_RUNPATH_SEARCH_PATHS = "$(inherited) @executable_path/Frameworks";
				PRODUCT_BUNDLE_IDENTIFIER = com.example.bodyCalc;
				PRODUCT_NAME = "$(TARGET_NAME)";
				SWIFT_VERSION = 3.0;
			};
			name = Debug;
		};
		63A9DCB81E52B8850022EFDD /* Release */ = {
			isa = XCBuildConfiguration;
			buildSettings = {
				ASSETCATALOG_COMPILER_APPICON_NAME = AppIcon;
				INFOPLIST_FILE = bodyCalc/Info.plist;
				LD_RUNPATH_SEARCH_PATHS = "$(inherited) @executable_path/Frameworks";
				PRODUCT_BUNDLE_IDENTIFIER = com.example.bodyCalc;
				PRODUCT_NAME = "$(TARGET_NAME)";
				SWIFT_VERSION = 3.0;
			};
			name = Release;
		};
		63A9DCBA1E52B8850022EFDD /* Debug */ = {
			isa = XCBuildConfiguration;
			buildSettings = {
				ALWAYS_EMBED_SWIFT_STANDARD_LIBRARIES = YES;
				BUNDLE_LOADER = "$(TEST_HOST)";
				INFOPLIST_FILE = bodyCalcTests/Info.plist;
				LD_RUNPATH_SEARCH_PATHS = "$(inherited) @executable_path/Frameworks @loader_path/Frameworks";
				PRODUCT_BUNDLE_IDENTIFIER = com.example.bodyCalcTests;
				PRODUCT_NAME = "$(TARGET_NAME)";
				SWIFT_VERSION = 3.0;
				TEST_HOST = "$(BUILT_PRODUCTS_DIR)/bodyCalc.app/bodyCalc";
			};
			name = Debug;
		};
		63A9DCBB1E52B8850022EFDD /* Release */ = {
			isa = XCBuildConfiguration;
			buildSettings = {
				ALWAYS_EMBED_SWIFT_STANDARD_LIBRARIES = YES;
				BUNDLE_LOADER = "$(TEST_HOST)";
				INFOPLIST_FILE = bodyCalcTests/Info.plist;
				LD_RUNPATH_SEARCH_PATHS = "$(inherited) @executable_path/Frameworks @loader_path/Frameworks";
				PRODUCT_BUNDLE_IDENTIFIER = com.example.bodyCalcTests;
				PRODUCT_NAME = "$(TARGET_NAME)";
				SWIFT_VERSION = 3.0;
				TEST_HOST = "$(BUILT_PRODUCTS_DIR)/bodyCalc.app/bodyCalc";
			};
			name = Release;
		};
/* End XCBuildConfiguration section */

/* Begin XCConfigurationList section */
		63A9DC941E52B8840022EFDD /* Build configuration list for PBXProject "bodyCalc" */ = {
			isa = XCConfigurationList;
			buildConfigurations = (
				63A9DCB41E52B8850022EFDD /* Debug */,
				63A9DCB51E52B8850022EFDD /* Release */,
			);
			defaultConfigurationIsVisible = 0;
			defaultConfigurationName = Release;
		};
		63A9DCB61E52B8850022EFDD /* Build configuration list for PBXNativeTarget "bodyCalc" */ = {
			isa = XCConfigurationList;
			buildConfigurations = (
				63A9DCB71E52B8850022EFDD /* Debug */,
				63A9DCB81E52B8850022EFDD /* Release */,
			);
			defaultConfigurationIsVisible = 0;
		};
		63A9DCB91E52B8850022EFDD /* Build configuration list for PBXNativeTarget "bodyCalcTests" */ = {
			isa = XCConfigurationList;
			buildConfigurations = (
				63A9DCBA1E52B8850022EFDD /* Debug */,
				63A9DCBB1E52B8850022EFDD /* Release */,
			);
			defaultConfigurationIsVisible = 0;
		};
/* End XCConfigurationList section */
	};
	rootObject = 63A9DC911E52B8840022EFDD /* Project object */;
}
